
Microsoft Visual Studio Solution File, Format Version 12.00
# Visual Studio 15
VisualStudioVersion = 15.0.27130.2027
MinimumVisualStudioVersion = 10.0.40219.1
Project("{FAE04EC0-301F-11D3-BF4B-00C04F79EFBC}") = "SeniorProject", "SeniorProject\SeniorProject.csproj", "{A8D8C50A-1582-4956-B20D-AEE8D24DFC40}"
EndProject
Global
	GlobalSection(SolutionConfigurationPlatforms) = preSolution
		Debug|Any CPU = Debug|Any CPU
		Release|Any CPU = Release|Any CPU
	EndGlobalSection
	GlobalSection(ProjectConfigurationPlatforms) = postSolution
		{A8D8C50A-1582-4956-B20D-AEE8D24DFC40}.Debug|Any CPU.ActiveCfg = Debug|Any CPU
		{A8D8C50A-1582-4956-B20D-AEE8D24DFC40}.Debug|Any CPU.Build.0 = Debug|Any CPU
		{A8D8C50A-1582-4956-B20D-AEE8D24DFC40}.Release|Any CPU.ActiveCfg = Release|Any CPU
		{A8D8C50A-1582-4956-B20D-AEE8D24DFC40}.Release|Any CPU.Build.0 = Release|Any CPU
	EndGlobalSection
	GlobalSection(SolutionProperties) = preSolution
		HideSolutionNode = FALSE
	EndGlobalSection
	GlobalSection(ExtensibilityGlobals) = postSolution
		SolutionGuid = {696626B4-B334-4223-B647-1CBB52F571CC}
	EndGlobalSection
EndGlobal
